
Microsoft Visual Studio Solution File, Format Version 12.00
# Visual Studio Version 17
VisualStudioVersion = 17.9.34728.123
MinimumVisualStudioVersion = 10.0.40219.1
Project("{FAE04EC0-301F-11D3-BF4B-00C04F79EFBC}") = "демоэкзамен", "демоэкзамен\демоэкзамен.csproj", "{7016A40D-AC66-47D1-B085-B545F93C5E8A}"
EndProject
Global
	GlobalSection(SolutionConfigurationPlatforms) = preSolution
		Debug|Any CPU = Debug|Any CPU
		Release|Any CPU = Release|Any CPU
	EndGlobalSection
	GlobalSection(ProjectConfigurationPlatforms) = postSolution
		{7016A40D-AC66-47D1-B085-B545F93C5E8A}.Debug|Any CPU.ActiveCfg = Debug|Any CPU
		{7016A40D-AC66-47D1-B085-B545F93C5E8A}.Debug|Any CPU.Build.0 = Debug|Any CPU
		{7016A40D-AC66-47D1-B085-B545F93C5E8A}.Release|Any CPU.ActiveCfg = Release|Any CPU
		{7016A40D-AC66-47D1-B085-B545F93C5E8A}.Release|Any CPU.Build.0 = Release|Any CPU
	EndGlobalSection
	GlobalSection(SolutionProperties) = preSolution
		HideSolutionNode = FALSE
	EndGlobalSection
	GlobalSection(ExtensibilityGlobals) = postSolution
		SolutionGuid = {526EAB9E-29C3-4640-BCDF-706B97E7EFF8}
	EndGlobalSection
EndGlobal
